// !$*UTF8*$!
{
	archiveVersion = 1;
	classes = {
	};
	objectVersion = 55;
	objects = {

/* Begin PBXBuildFile section */
		F7002751289C3B470075C133 /* MediaTableView.swift in Sources */ = {isa = PBXBuildFile; fileRef = F7002750289C3B470075C133 /* MediaTableView.swift */; };
		F700AAEE28F223C7005390E4 /* NotificationToast in Frameworks */ = {isa = PBXBuildFile; productRef = F700AAED28F223C7005390E4 /* NotificationToast */; };
		F710245028AD4D920012CE0B /* UIColor+Ext.swift in Sources */ = {isa = PBXBuildFile; fileRef = F710244F28AD4D920012CE0B /* UIColor+Ext.swift */; };
		F710245228AD5C1F0012CE0B /* GradientView.swift in Sources */ = {isa = PBXBuildFile; fileRef = F710245128AD5C1F0012CE0B /* GradientView.swift */; };
		F72E82F7289563D4008D7702 /* CollectionViewCell.swift in Sources */ = {isa = PBXBuildFile; fileRef = F72E82F6289563D4008D7702 /* CollectionViewCell.swift */; };
		F72E82F928956838008D7702 /* UICollectionView+Ext.swift in Sources */ = {isa = PBXBuildFile; fileRef = F72E82F828956838008D7702 /* UICollectionView+Ext.swift */; };
		F72E82FB2895775C008D7702 /* UITableView+Ext.swift in Sources */ = {isa = PBXBuildFile; fileRef = F72E82FA2895775C008D7702 /* UITableView+Ext.swift */; };
		F72E82FD2895777F008D7702 /* TableView.swift in Sources */ = {isa = PBXBuildFile; fileRef = F72E82FC2895777F008D7702 /* TableView.swift */; };
		F72E8301289578A2008D7702 /* TableViewCell.swift in Sources */ = {isa = PBXBuildFile; fileRef = F72E8300289578A2008D7702 /* TableViewCell.swift */; };
		F741F9EB29033AC600121BB4 /* SettingsTableViewCell.swift in Sources */ = {isa = PBXBuildFile; fileRef = F741F9EA29033AC600121BB4 /* SettingsTableViewCell.swift */; };
		F756924B28A5774700119BD8 /* HorizontalActionMenuView.swift in Sources */ = {isa = PBXBuildFile; fileRef = F756924A28A5774700119BD8 /* HorizontalActionMenuView.swift */; };
		F756924D28A57BD400119BD8 /* HorizontalActionMenuViewCell.swift in Sources */ = {isa = PBXBuildFile; fileRef = F756924C28A57BD400119BD8 /* HorizontalActionMenuViewCell.swift */; };
		F75A8BF228D39D4800EAB5BD /* Label.swift in Sources */ = {isa = PBXBuildFile; fileRef = F75A8BF128D39D4800EAB5BD /* Label.swift */; };
		F75F684A28FC84CD007B2E01 /* Loopable.swift in Sources */ = {isa = PBXBuildFile; fileRef = F75F684928FC84CD007B2E01 /* Loopable.swift */; };
		F7653FB2289452A200FC47FA /* ShareViewController.swift in Sources */ = {isa = PBXBuildFile; fileRef = F7653FB1289452A200FC47FA /* ShareViewController.swift */; };
		F7653FB9289452A200FC47FA /* ShareExtension.appex in Embed App Extensions */ = {isa = PBXBuildFile; fileRef = F7653FAF289452A200FC47FA /* ShareExtension.appex */; settings = {ATTRIBUTES = (RemoveHeadersOnCopy, ); }; };
		F773111A28D59F4700642926 /* GoogleService-Info.plist in Resources */ = {isa = PBXBuildFile; fileRef = F773111928D59F4700642926 /* GoogleService-Info.plist */; };
		F773111D28D5A10300642926 /* FirebaseAnalytics in Frameworks */ = {isa = PBXBuildFile; productRef = F773111C28D5A10300642926 /* FirebaseAnalytics */; };
		F773111F28D5A10300642926 /* FirebaseAnalyticsOnDeviceConversion in Frameworks */ = {isa = PBXBuildFile; productRef = F773111E28D5A10300642926 /* FirebaseAnalyticsOnDeviceConversion */; };
		F773112128D5A10300642926 /* FirebaseAnalyticsSwift in Frameworks */ = {isa = PBXBuildFile; productRef = F773112028D5A10300642926 /* FirebaseAnalyticsSwift */; };
		F773112328D5A10300642926 /* FirebaseCrashlytics in Frameworks */ = {isa = PBXBuildFile; productRef = F773112228D5A10300642926 /* FirebaseCrashlytics */; };
		F774B91E2891AEDC00438A37 /* AppDelegate.swift in Sources */ = {isa = PBXBuildFile; fileRef = F774B91D2891AEDC00438A37 /* AppDelegate.swift */; };
		F774B9202891AEDC00438A37 /* SceneDelegate.swift in Sources */ = {isa = PBXBuildFile; fileRef = F774B91F2891AEDC00438A37 /* SceneDelegate.swift */; };
		F774B9272891AEDD00438A37 /* Assets.xcassets in Resources */ = {isa = PBXBuildFile; fileRef = F774B9262891AEDD00438A37 /* Assets.xcassets */; };
		F774B92A2891AEDD00438A37 /* LaunchScreen.storyboard in Resources */ = {isa = PBXBuildFile; fileRef = F774B9282891AEDD00438A37 /* LaunchScreen.storyboard */; };
		F774B9332891B00500438A37 /* Kingfisher in Frameworks */ = {isa = PBXBuildFile; productRef = F774B9322891B00500438A37 /* Kingfisher */; };
		F774B9362891B01D00438A37 /* SnapKit in Frameworks */ = {isa = PBXBuildFile; productRef = F774B9352891B01D00438A37 /* SnapKit */; };
		F774B9422891B16600438A37 /* MainEntity.swift in Sources */ = {isa = PBXBuildFile; fileRef = F774B93D2891B16600438A37 /* MainEntity.swift */; };
		F774B9432891B16600438A37 /* MainInteractor.swift in Sources */ = {isa = PBXBuildFile; fileRef = F774B93E2891B16600438A37 /* MainInteractor.swift */; };
		F774B9442891B16600438A37 /* MainPresenter.swift in Sources */ = {isa = PBXBuildFile; fileRef = F774B93F2891B16600438A37 /* MainPresenter.swift */; };
		F774B9452891B16600438A37 /* MainRouter.swift in Sources */ = {isa = PBXBuildFile; fileRef = F774B9402891B16600438A37 /* MainRouter.swift */; };
		F774B9462891B16600438A37 /* MainView.swift in Sources */ = {isa = PBXBuildFile; fileRef = F774B9412891B16600438A37 /* MainView.swift */; };
		F774B9492891B24400438A37 /* ViewController.swift in Sources */ = {isa = PBXBuildFile; fileRef = F774B9482891B24400438A37 /* ViewController.swift */; };
		F774B94C2891B33A00438A37 /* View.swift in Sources */ = {isa = PBXBuildFile; fileRef = F774B94B2891B33A00438A37 /* View.swift */; };
		F774B94E2891B37A00438A37 /* ViewLayoutableProtocol.swift in Sources */ = {isa = PBXBuildFile; fileRef = F774B94D2891B37A00438A37 /* ViewLayoutableProtocol.swift */; };
		F774B9502891B3BB00438A37 /* Make.swift in Sources */ = {isa = PBXBuildFile; fileRef = F774B94F2891B3BB00438A37 /* Make.swift */; };
		F777BE4A289E479600595ACA /* DetailSongPresenter.swift in Sources */ = {isa = PBXBuildFile; fileRef = F777BE43289E479600595ACA /* DetailSongPresenter.swift */; };
		F777BE4B289E479600595ACA /* DetailSongRouter.swift in Sources */ = {isa = PBXBuildFile; fileRef = F777BE44289E479600595ACA /* DetailSongRouter.swift */; };
		F777BE4C289E479600595ACA /* DetailSongView.swift in Sources */ = {isa = PBXBuildFile; fileRef = F777BE45289E479600595ACA /* DetailSongView.swift */; };
		F777BE4D289E479600595ACA /* DetailSongInteractor.swift in Sources */ = {isa = PBXBuildFile; fileRef = F777BE46289E479600595ACA /* DetailSongInteractor.swift */; };
		F777BE4E289E479600595ACA /* DetailSongContentView.swift in Sources */ = {isa = PBXBuildFile; fileRef = F777BE48289E479600595ACA /* DetailSongContentView.swift */; };
		F777BE4F289E479600595ACA /* DetailSongEntity.swift in Sources */ = {isa = PBXBuildFile; fileRef = F777BE49289E479600595ACA /* DetailSongEntity.swift */; };
		F77A0E0628A18EFE00FF4644 /* ChartView.swift in Sources */ = {isa = PBXBuildFile; fileRef = F77A0DFF28A18EFE00FF4644 /* ChartView.swift */; };
		F77A0E0728A18EFE00FF4644 /* ChartEntity.swift in Sources */ = {isa = PBXBuildFile; fileRef = F77A0E0028A18EFE00FF4644 /* ChartEntity.swift */; };
		F77A0E0828A18EFE00FF4644 /* ChartPresenter.swift in Sources */ = {isa = PBXBuildFile; fileRef = F77A0E0128A18EFE00FF4644 /* ChartPresenter.swift */; };
		F77A0E0928A18EFE00FF4644 /* ChartRouter.swift in Sources */ = {isa = PBXBuildFile; fileRef = F77A0E0228A18EFE00FF4644 /* ChartRouter.swift */; };
		F77A0E0A28A18EFE00FF4644 /* ChartContentView.swift in Sources */ = {isa = PBXBuildFile; fileRef = F77A0E0428A18EFE00FF4644 /* ChartContentView.swift */; };
		F77A0E0B28A18EFE00FF4644 /* ChartInteractor.swift in Sources */ = {isa = PBXBuildFile; fileRef = F77A0E0528A18EFE00FF4644 /* ChartInteractor.swift */; };
		F77A0E0D28A192BB00FF4644 /* ServiceHeaderView.swift in Sources */ = {isa = PBXBuildFile; fileRef = F77A0E0C28A192BB00FF4644 /* ServiceHeaderView.swift */; };
		F785E3A128C3998200DE1BC0 /* UIDevice+Ext.swift in Sources */ = {isa = PBXBuildFile; fileRef = F785E3A028C3998200DE1BC0 /* UIDevice+Ext.swift */; };
		F7902809289309320058CC19 /* LinkRouter.swift in Sources */ = {isa = PBXBuildFile; fileRef = F7902802289309320058CC19 /* LinkRouter.swift */; };
		F790280A289309320058CC19 /* LinkInteractor.swift in Sources */ = {isa = PBXBuildFile; fileRef = F7902803289309320058CC19 /* LinkInteractor.swift */; };
		F790280B289309320058CC19 /* LinkEntity.swift in Sources */ = {isa = PBXBuildFile; fileRef = F7902804289309320058CC19 /* LinkEntity.swift */; };
		F790280C289309320058CC19 /* LinkView.swift in Sources */ = {isa = PBXBuildFile; fileRef = F7902805289309320058CC19 /* LinkView.swift */; };
		F790280D289309320058CC19 /* LinkPresenter.swift in Sources */ = {isa = PBXBuildFile; fileRef = F7902806289309320058CC19 /* LinkPresenter.swift */; };
		F790280E289309320058CC19 /* LinkContentView.swift in Sources */ = {isa = PBXBuildFile; fileRef = F7902808289309320058CC19 /* LinkContentView.swift */; };
		F79028192893095D0058CC19 /* SearchView.swift in Sources */ = {isa = PBXBuildFile; fileRef = F79028122893095D0058CC19 /* SearchView.swift */; };
		F790281A2893095D0058CC19 /* SearchEntity.swift in Sources */ = {isa = PBXBuildFile; fileRef = F79028132893095D0058CC19 /* SearchEntity.swift */; };
		F790281B2893095D0058CC19 /* SearchInteractor.swift in Sources */ = {isa = PBXBuildFile; fileRef = F79028142893095D0058CC19 /* SearchInteractor.swift */; };
		F790281C2893095D0058CC19 /* SearchPresenter.swift in Sources */ = {isa = PBXBuildFile; fileRef = F79028152893095D0058CC19 /* SearchPresenter.swift */; };
		F790281D2893095D0058CC19 /* SearchRouter.swift in Sources */ = {isa = PBXBuildFile; fileRef = F79028162893095D0058CC19 /* SearchRouter.swift */; };
		F790281E2893095D0058CC19 /* SearchContentView.swift in Sources */ = {isa = PBXBuildFile; fileRef = F79028182893095D0058CC19 /* SearchContentView.swift */; };
		F7902829289309940058CC19 /* SettingsView.swift in Sources */ = {isa = PBXBuildFile; fileRef = F7902822289309940058CC19 /* SettingsView.swift */; };
		F790282A289309940058CC19 /* SettingsRouter.swift in Sources */ = {isa = PBXBuildFile; fileRef = F7902823289309940058CC19 /* SettingsRouter.swift */; };
		F790282B289309940058CC19 /* SettingsInteractor.swift in Sources */ = {isa = PBXBuildFile; fileRef = F7902824289309940058CC19 /* SettingsInteractor.swift */; };
		F790282C289309940058CC19 /* SettingsEntity.swift in Sources */ = {isa = PBXBuildFile; fileRef = F7902825289309940058CC19 /* SettingsEntity.swift */; };
		F790282D289309940058CC19 /* SettingsPresenter.swift in Sources */ = {isa = PBXBuildFile; fileRef = F7902826289309940058CC19 /* SettingsPresenter.swift */; };
		F790282E289309940058CC19 /* SettingsContentView.swift in Sources */ = {isa = PBXBuildFile; fileRef = F7902828289309940058CC19 /* SettingsContentView.swift */; };
		F790283228931E9C0058CC19 /* UIEdgeInsets+Ext.swift in Sources */ = {isa = PBXBuildFile; fileRef = F790283128931E9C0058CC19 /* UIEdgeInsets+Ext.swift */; };
		F7902835289322EB0058CC19 /* UIStackView+Ext.swift in Sources */ = {isa = PBXBuildFile; fileRef = F7902834289322EB0058CC19 /* UIStackView+Ext.swift */; };
		F79ED12D28A811E3009DFC96 /* CoverView.swift in Sources */ = {isa = PBXBuildFile; fileRef = F79ED12C28A811E3009DFC96 /* CoverView.swift */; };
		F79ED12F28A82539009DFC96 /* Blurable.swift in Sources */ = {isa = PBXBuildFile; fileRef = F79ED12E28A82539009DFC96 /* Blurable.swift */; };
		F7C1780D28B7DE5600DD0F4D /* UINavigationBar+Ext.swift in Sources */ = {isa = PBXBuildFile; fileRef = F7C1780C28B7DE5600DD0F4D /* UINavigationBar+Ext.swift */; };
		F7C85DFC28DB94D5007D0170 /* PaddedTextField.swift in Sources */ = {isa = PBXBuildFile; fileRef = F7C85DFB28DB94D5007D0170 /* PaddedTextField.swift */; };
		F7C85DFE28DBA3AF007D0170 /* LoadingButton.swift in Sources */ = {isa = PBXBuildFile; fileRef = F7C85DFD28DBA3AF007D0170 /* LoadingButton.swift */; };
		F7D1479F28D684B600655F19 /* NetworkService.swift in Sources */ = {isa = PBXBuildFile; fileRef = F7D1479E28D684B600655F19 /* NetworkService.swift */; };
		F7D147A228D684E700655F19 /* NetworkError.swift in Sources */ = {isa = PBXBuildFile; fileRef = F7D147A128D684E700655F19 /* NetworkError.swift */; };
		F7D147A428D6858700655F19 /* EndpointProtocol.swift in Sources */ = {isa = PBXBuildFile; fileRef = F7D147A328D6858700655F19 /* EndpointProtocol.swift */; };
		F7D147A828D685E800655F19 /* RequestBuilder.swift in Sources */ = {isa = PBXBuildFile; fileRef = F7D147A728D685E800655F19 /* RequestBuilder.swift */; };
		F7D147AA28D6866600655F19 /* GetSong.swift in Sources */ = {isa = PBXBuildFile; fileRef = F7D147A928D6866600655F19 /* GetSong.swift */; };
		F7D147AC28D68ACE00655F19 /* MediaResponse.swift in Sources */ = {isa = PBXBuildFile; fileRef = F7D147AB28D68ACE00655F19 /* MediaResponse.swift */; };
		F7D46D3B28CFB43700F9EFBD /* ShareCircleView.swift in Sources */ = {isa = PBXBuildFile; fileRef = F7D46D3A28CFB43700F9EFBD /* ShareCircleView.swift */; };
		F7D589C1289ABDF60073709D /* MediaTableViewCell.swift in Sources */ = {isa = PBXBuildFile; fileRef = F7D589C0289ABDF60073709D /* MediaTableViewCell.swift */; };
		F7D589C4289AC26C0073709D /* UILabel+Ext.swift in Sources */ = {isa = PBXBuildFile; fileRef = F7D589C3289AC26C0073709D /* UILabel+Ext.swift */; };
		F7D589C6289ADD870073709D /* UIImageView+Ext.swift in Sources */ = {isa = PBXBuildFile; fileRef = F7D589C5289ADD870073709D /* UIImageView+Ext.swift */; };
		F7D589C8289AEC1A0073709D /* Button.swift in Sources */ = {isa = PBXBuildFile; fileRef = F7D589C7289AEC1A0073709D /* Button.swift */; };
		F7D9852928FA977500F54E24 /* FavoritesView.swift in Sources */ = {isa = PBXBuildFile; fileRef = F7D9852228FA977500F54E24 /* FavoritesView.swift */; };
		F7D9852A28FA977500F54E24 /* FavoritesInteractor.swift in Sources */ = {isa = PBXBuildFile; fileRef = F7D9852328FA977500F54E24 /* FavoritesInteractor.swift */; };
		F7D9852B28FA977500F54E24 /* FavoritesRouter.swift in Sources */ = {isa = PBXBuildFile; fileRef = F7D9852428FA977500F54E24 /* FavoritesRouter.swift */; };
		F7D9852C28FA977500F54E24 /* FavoritesContentView.swift in Sources */ = {isa = PBXBuildFile; fileRef = F7D9852628FA977500F54E24 /* FavoritesContentView.swift */; };
		F7D9852D28FA977500F54E24 /* FavoritesEntity.swift in Sources */ = {isa = PBXBuildFile; fileRef = F7D9852728FA977500F54E24 /* FavoritesEntity.swift */; };
		F7D9852E28FA977500F54E24 /* FavoritesPresenter.swift in Sources */ = {isa = PBXBuildFile; fileRef = F7D9852828FA977500F54E24 /* FavoritesPresenter.swift */; };
		F7D9853028FA9C0500F54E24 /* ModuleRouterProtocol.swift in Sources */ = {isa = PBXBuildFile; fileRef = F7D9852F28FA9C0500F54E24 /* ModuleRouterProtocol.swift */; };
		F7DB96C228CCE4850031FD22 /* String+Ext.swift in Sources */ = {isa = PBXBuildFile; fileRef = F7DB96C128CCE4850031FD22 /* String+Ext.swift */; };
		F7F08F3828DA5BFF00851BB7 /* NetworkErrorResponse.swift in Sources */ = {isa = PBXBuildFile; fileRef = F7F08F3728DA5BFE00851BB7 /* NetworkErrorResponse.swift */; };
/* End PBXBuildFile section */

/* Begin PBXContainerItemProxy section */
		F7653FB7289452A200FC47FA /* PBXContainerItemProxy */ = {
			isa = PBXContainerItemProxy;
			containerPortal = F774B9122891AEDC00438A37 /* Project object */;
			proxyType = 1;
			remoteGlobalIDString = F7653FAE289452A200FC47FA;
			remoteInfo = ShareExtension;
		};
/* End PBXContainerItemProxy section */

/* Begin PBXCopyFilesBuildPhase section */
		F7653FBA289452A200FC47FA /* Embed App Extensions */ = {
			isa = PBXCopyFilesBuildPhase;
			buildActionMask = 2147483647;
			dstPath = "";
			dstSubfolderSpec = 13;
			files = (
				F7653FB9289452A200FC47FA /* ShareExtension.appex in Embed App Extensions */,
			);
			name = "Embed App Extensions";
			runOnlyForDeploymentPostprocessing = 0;
		};
/* End PBXCopyFilesBuildPhase section */

/* Begin PBXFileReference section */
		F7002750289C3B470075C133 /* MediaTableView.swift */ = {isa = PBXFileReference; lastKnownFileType = sourcecode.swift; path = MediaTableView.swift; sourceTree = "<group>"; };
		F710244F28AD4D920012CE0B /* UIColor+Ext.swift */ = {isa = PBXFileReference; lastKnownFileType = sourcecode.swift; path = "UIColor+Ext.swift"; sourceTree = "<group>"; };
		F710245128AD5C1F0012CE0B /* GradientView.swift */ = {isa = PBXFileReference; lastKnownFileType = sourcecode.swift; path = GradientView.swift; sourceTree = "<group>"; };
		F72E82F6289563D4008D7702 /* CollectionViewCell.swift */ = {isa = PBXFileReference; lastKnownFileType = sourcecode.swift; path = CollectionViewCell.swift; sourceTree = "<group>"; };
		F72E82F828956838008D7702 /* UICollectionView+Ext.swift */ = {isa = PBXFileReference; lastKnownFileType = sourcecode.swift; path = "UICollectionView+Ext.swift"; sourceTree = "<group>"; };
		F72E82FA2895775C008D7702 /* UITableView+Ext.swift */ = {isa = PBXFileReference; lastKnownFileType = sourcecode.swift; path = "UITableView+Ext.swift"; sourceTree = "<group>"; };
		F72E82FC2895777F008D7702 /* TableView.swift */ = {isa = PBXFileReference; lastKnownFileType = sourcecode.swift; path = TableView.swift; sourceTree = "<group>"; };
		F72E8300289578A2008D7702 /* TableViewCell.swift */ = {isa = PBXFileReference; lastKnownFileType = sourcecode.swift; path = TableViewCell.swift; sourceTree = "<group>"; };
		F741F9EA29033AC600121BB4 /* SettingsTableViewCell.swift */ = {isa = PBXFileReference; fileEncoding = 4; lastKnownFileType = sourcecode.swift; path = SettingsTableViewCell.swift; sourceTree = "<group>"; };
		F756924A28A5774700119BD8 /* HorizontalActionMenuView.swift */ = {isa = PBXFileReference; lastKnownFileType = sourcecode.swift; path = HorizontalActionMenuView.swift; sourceTree = "<group>"; };
		F756924C28A57BD400119BD8 /* HorizontalActionMenuViewCell.swift */ = {isa = PBXFileReference; lastKnownFileType = sourcecode.swift; path = HorizontalActionMenuViewCell.swift; sourceTree = "<group>"; };
		F75A8BF128D39D4800EAB5BD /* Label.swift */ = {isa = PBXFileReference; lastKnownFileType = sourcecode.swift; path = Label.swift; sourceTree = "<group>"; };
		F75F684928FC84CD007B2E01 /* Loopable.swift */ = {isa = PBXFileReference; lastKnownFileType = sourcecode.swift; path = Loopable.swift; sourceTree = "<group>"; };
		F7653FAF289452A200FC47FA /* ShareExtension.appex */ = {isa = PBXFileReference; explicitFileType = "wrapper.app-extension"; includeInIndex = 0; path = ShareExtension.appex; sourceTree = BUILT_PRODUCTS_DIR; };
		F7653FB1289452A200FC47FA /* ShareViewController.swift */ = {isa = PBXFileReference; lastKnownFileType = sourcecode.swift; path = ShareViewController.swift; sourceTree = "<group>"; };
		F7653FB6289452A200FC47FA /* Info.plist */ = {isa = PBXFileReference; lastKnownFileType = text.plist.xml; path = Info.plist; sourceTree = "<group>"; };
		F773111928D59F4700642926 /* GoogleService-Info.plist */ = {isa = PBXFileReference; fileEncoding = 4; lastKnownFileType = text.plist.xml; path = "GoogleService-Info.plist"; sourceTree = "<group>"; };
		F774B91A2891AEDC00438A37 /* MShare.app */ = {isa = PBXFileReference; explicitFileType = wrapper.application; includeInIndex = 0; path = MShare.app; sourceTree = BUILT_PRODUCTS_DIR; };
		F774B91D2891AEDC00438A37 /* AppDelegate.swift */ = {isa = PBXFileReference; lastKnownFileType = sourcecode.swift; path = AppDelegate.swift; sourceTree = "<group>"; };
		F774B91F2891AEDC00438A37 /* SceneDelegate.swift */ = {isa = PBXFileReference; lastKnownFileType = sourcecode.swift; path = SceneDelegate.swift; sourceTree = "<group>"; };
		F774B9262891AEDD00438A37 /* Assets.xcassets */ = {isa = PBXFileReference; lastKnownFileType = folder.assetcatalog; path = Assets.xcassets; sourceTree = "<group>"; };
		F774B9292891AEDD00438A37 /* Base */ = {isa = PBXFileReference; lastKnownFileType = file.storyboard; name = Base; path = Base.lproj/LaunchScreen.storyboard; sourceTree = "<group>"; };
		F774B92B2891AEDD00438A37 /* Info.plist */ = {isa = PBXFileReference; lastKnownFileType = text.plist.xml; path = Info.plist; sourceTree = "<group>"; };
		F774B93D2891B16600438A37 /* MainEntity.swift */ = {isa = PBXFileReference; fileEncoding = 4; lastKnownFileType = sourcecode.swift; path = MainEntity.swift; sourceTree = "<group>"; };
		F774B93E2891B16600438A37 /* MainInteractor.swift */ = {isa = PBXFileReference; fileEncoding = 4; lastKnownFileType = sourcecode.swift; path = MainInteractor.swift; sourceTree = "<group>"; };
		F774B93F2891B16600438A37 /* MainPresenter.swift */ = {isa = PBXFileReference; fileEncoding = 4; lastKnownFileType = sourcecode.swift; path = MainPresenter.swift; sourceTree = "<group>"; };
		F774B9402891B16600438A37 /* MainRouter.swift */ = {isa = PBXFileReference; fileEncoding = 4; lastKnownFileType = sourcecode.swift; path = MainRouter.swift; sourceTree = "<group>"; };
		F774B9412891B16600438A37 /* MainView.swift */ = {isa = PBXFileReference; fileEncoding = 4; lastKnownFileType = sourcecode.swift; path = MainView.swift; sourceTree = "<group>"; };
		F774B9482891B24400438A37 /* ViewController.swift */ = {isa = PBXFileReference; lastKnownFileType = sourcecode.swift; path = ViewController.swift; sourceTree = "<group>"; };
		F774B94B2891B33A00438A37 /* View.swift */ = {isa = PBXFileReference; lastKnownFileType = sourcecode.swift; path = View.swift; sourceTree = "<group>"; };
		F774B94D2891B37A00438A37 /* ViewLayoutableProtocol.swift */ = {isa = PBXFileReference; lastKnownFileType = sourcecode.swift; path = ViewLayoutableProtocol.swift; sourceTree = "<group>"; };
		F774B94F2891B3BB00438A37 /* Make.swift */ = {isa = PBXFileReference; lastKnownFileType = sourcecode.swift; path = Make.swift; sourceTree = "<group>"; };
		F777BE43289E479600595ACA /* DetailSongPresenter.swift */ = {isa = PBXFileReference; fileEncoding = 4; lastKnownFileType = sourcecode.swift; path = DetailSongPresenter.swift; sourceTree = "<group>"; };
		F777BE44289E479600595ACA /* DetailSongRouter.swift */ = {isa = PBXFileReference; fileEncoding = 4; lastKnownFileType = sourcecode.swift; path = DetailSongRouter.swift; sourceTree = "<group>"; };
		F777BE45289E479600595ACA /* DetailSongView.swift */ = {isa = PBXFileReference; fileEncoding = 4; lastKnownFileType = sourcecode.swift; path = DetailSongView.swift; sourceTree = "<group>"; };
		F777BE46289E479600595ACA /* DetailSongInteractor.swift */ = {isa = PBXFileReference; fileEncoding = 4; lastKnownFileType = sourcecode.swift; path = DetailSongInteractor.swift; sourceTree = "<group>"; };
		F777BE48289E479600595ACA /* DetailSongContentView.swift */ = {isa = PBXFileReference; fileEncoding = 4; lastKnownFileType = sourcecode.swift; path = DetailSongContentView.swift; sourceTree = "<group>"; };
		F777BE49289E479600595ACA /* DetailSongEntity.swift */ = {isa = PBXFileReference; fileEncoding = 4; lastKnownFileType = sourcecode.swift; path = DetailSongEntity.swift; sourceTree = "<group>"; };
		F77A0DFF28A18EFE00FF4644 /* ChartView.swift */ = {isa = PBXFileReference; fileEncoding = 4; lastKnownFileType = sourcecode.swift; path = ChartView.swift; sourceTree = "<group>"; };
		F77A0E0028A18EFE00FF4644 /* ChartEntity.swift */ = {isa = PBXFileReference; fileEncoding = 4; lastKnownFileType = sourcecode.swift; path = ChartEntity.swift; sourceTree = "<group>"; };
		F77A0E0128A18EFE00FF4644 /* ChartPresenter.swift */ = {isa = PBXFileReference; fileEncoding = 4; lastKnownFileType = sourcecode.swift; path = ChartPresenter.swift; sourceTree = "<group>"; };
		F77A0E0228A18EFE00FF4644 /* ChartRouter.swift */ = {isa = PBXFileReference; fileEncoding = 4; lastKnownFileType = sourcecode.swift; path = ChartRouter.swift; sourceTree = "<group>"; };
		F77A0E0428A18EFE00FF4644 /* ChartContentView.swift */ = {isa = PBXFileReference; fileEncoding = 4; lastKnownFileType = sourcecode.swift; path = ChartContentView.swift; sourceTree = "<group>"; };
		F77A0E0528A18EFE00FF4644 /* ChartInteractor.swift */ = {isa = PBXFileReference; fileEncoding = 4; lastKnownFileType = sourcecode.swift; path = ChartInteractor.swift; sourceTree = "<group>"; };
		F77A0E0C28A192BB00FF4644 /* ServiceHeaderView.swift */ = {isa = PBXFileReference; lastKnownFileType = sourcecode.swift; path = ServiceHeaderView.swift; sourceTree = "<group>"; };
		F785E3A028C3998200DE1BC0 /* UIDevice+Ext.swift */ = {isa = PBXFileReference; lastKnownFileType = sourcecode.swift; path = "UIDevice+Ext.swift"; sourceTree = "<group>"; };
		F7902802289309320058CC19 /* LinkRouter.swift */ = {isa = PBXFileReference; fileEncoding = 4; lastKnownFileType = sourcecode.swift; path = LinkRouter.swift; sourceTree = "<group>"; };
		F7902803289309320058CC19 /* LinkInteractor.swift */ = {isa = PBXFileReference; fileEncoding = 4; lastKnownFileType = sourcecode.swift; path = LinkInteractor.swift; sourceTree = "<group>"; };
		F7902804289309320058CC19 /* LinkEntity.swift */ = {isa = PBXFileReference; fileEncoding = 4; lastKnownFileType = sourcecode.swift; path = LinkEntity.swift; sourceTree = "<group>"; };
		F7902805289309320058CC19 /* LinkView.swift */ = {isa = PBXFileReference; fileEncoding = 4; lastKnownFileType = sourcecode.swift; path = LinkView.swift; sourceTree = "<group>"; };
		F7902806289309320058CC19 /* LinkPresenter.swift */ = {isa = PBXFileReference; fileEncoding = 4; lastKnownFileType = sourcecode.swift; path = LinkPresenter.swift; sourceTree = "<group>"; };
		F7902808289309320058CC19 /* LinkContentView.swift */ = {isa = PBXFileReference; fileEncoding = 4; lastKnownFileType = sourcecode.swift; path = LinkContentView.swift; sourceTree = "<group>"; };
		F79028122893095D0058CC19 /* SearchView.swift */ = {isa = PBXFileReference; fileEncoding = 4; lastKnownFileType = sourcecode.swift; path = SearchView.swift; sourceTree = "<group>"; };
		F79028132893095D0058CC19 /* SearchEntity.swift */ = {isa = PBXFileReference; fileEncoding = 4; lastKnownFileType = sourcecode.swift; path = SearchEntity.swift; sourceTree = "<group>"; };
		F79028142893095D0058CC19 /* SearchInteractor.swift */ = {isa = PBXFileReference; fileEncoding = 4; lastKnownFileType = sourcecode.swift; path = SearchInteractor.swift; sourceTree = "<group>"; };
		F79028152893095D0058CC19 /* SearchPresenter.swift */ = {isa = PBXFileReference; fileEncoding = 4; lastKnownFileType = sourcecode.swift; path = SearchPresenter.swift; sourceTree = "<group>"; };
		F79028162893095D0058CC19 /* SearchRouter.swift */ = {isa = PBXFileReference; fileEncoding = 4; lastKnownFileType = sourcecode.swift; path = SearchRouter.swift; sourceTree = "<group>"; };
		F79028182893095D0058CC19 /* SearchContentView.swift */ = {isa = PBXFileReference; fileEncoding = 4; lastKnownFileType = sourcecode.swift; path = SearchContentView.swift; sourceTree = "<group>"; };
		F7902822289309940058CC19 /* SettingsView.swift */ = {isa = PBXFileReference; fileEncoding = 4; lastKnownFileType = sourcecode.swift; path = SettingsView.swift; sourceTree = "<group>"; };
		F7902823289309940058CC19 /* SettingsRouter.swift */ = {isa = PBXFileReference; fileEncoding = 4; lastKnownFileType = sourcecode.swift; path = SettingsRouter.swift; sourceTree = "<group>"; };
		F7902824289309940058CC19 /* SettingsInteractor.swift */ = {isa = PBXFileReference; fileEncoding = 4; lastKnownFileType = sourcecode.swift; path = SettingsInteractor.swift; sourceTree = "<group>"; };
		F7902825289309940058CC19 /* SettingsEntity.swift */ = {isa = PBXFileReference; fileEncoding = 4; lastKnownFileType = sourcecode.swift; path = SettingsEntity.swift; sourceTree = "<group>"; };
		F7902826289309940058CC19 /* SettingsPresenter.swift */ = {isa = PBXFileReference; fileEncoding = 4; lastKnownFileType = sourcecode.swift; path = SettingsPresenter.swift; sourceTree = "<group>"; };
		F7902828289309940058CC19 /* SettingsContentView.swift */ = {isa = PBXFileReference; fileEncoding = 4; lastKnownFileType = sourcecode.swift; path = SettingsContentView.swift; sourceTree = "<group>"; };
		F790283128931E9C0058CC19 /* UIEdgeInsets+Ext.swift */ = {isa = PBXFileReference; lastKnownFileType = sourcecode.swift; path = "UIEdgeInsets+Ext.swift"; sourceTree = "<group>"; };
		F7902834289322EB0058CC19 /* UIStackView+Ext.swift */ = {isa = PBXFileReference; lastKnownFileType = sourcecode.swift; path = "UIStackView+Ext.swift"; sourceTree = "<group>"; };
		F79ED12C28A811E3009DFC96 /* CoverView.swift */ = {isa = PBXFileReference; lastKnownFileType = sourcecode.swift; path = CoverView.swift; sourceTree = "<group>"; };
		F79ED12E28A82539009DFC96 /* Blurable.swift */ = {isa = PBXFileReference; lastKnownFileType = sourcecode.swift; path = Blurable.swift; sourceTree = "<group>"; };
		F7C1780C28B7DE5600DD0F4D /* UINavigationBar+Ext.swift */ = {isa = PBXFileReference; lastKnownFileType = sourcecode.swift; path = "UINavigationBar+Ext.swift"; sourceTree = "<group>"; };
		F7C85DFB28DB94D5007D0170 /* PaddedTextField.swift */ = {isa = PBXFileReference; lastKnownFileType = sourcecode.swift; path = PaddedTextField.swift; sourceTree = "<group>"; };
		F7C85DFD28DBA3AF007D0170 /* LoadingButton.swift */ = {isa = PBXFileReference; lastKnownFileType = sourcecode.swift; path = LoadingButton.swift; sourceTree = "<group>"; };
		F7D1479E28D684B600655F19 /* NetworkService.swift */ = {isa = PBXFileReference; lastKnownFileType = sourcecode.swift; path = NetworkService.swift; sourceTree = "<group>"; };
		F7D147A128D684E700655F19 /* NetworkError.swift */ = {isa = PBXFileReference; lastKnownFileType = sourcecode.swift; path = NetworkError.swift; sourceTree = "<group>"; };
		F7D147A328D6858700655F19 /* EndpointProtocol.swift */ = {isa = PBXFileReference; lastKnownFileType = sourcecode.swift; path = EndpointProtocol.swift; sourceTree = "<group>"; };
		F7D147A728D685E800655F19 /* RequestBuilder.swift */ = {isa = PBXFileReference; lastKnownFileType = sourcecode.swift; path = RequestBuilder.swift; sourceTree = "<group>"; };
		F7D147A928D6866600655F19 /* GetSong.swift */ = {isa = PBXFileReference; lastKnownFileType = sourcecode.swift; path = GetSong.swift; sourceTree = "<group>"; };
		F7D147AB28D68ACE00655F19 /* MediaResponse.swift */ = {isa = PBXFileReference; lastKnownFileType = sourcecode.swift; path = MediaResponse.swift; sourceTree = "<group>"; };
		F7D46D3A28CFB43700F9EFBD /* ShareCircleView.swift */ = {isa = PBXFileReference; lastKnownFileType = sourcecode.swift; path = ShareCircleView.swift; sourceTree = "<group>"; };
		F7D589C0289ABDF60073709D /* MediaTableViewCell.swift */ = {isa = PBXFileReference; lastKnownFileType = sourcecode.swift; path = MediaTableViewCell.swift; sourceTree = "<group>"; };
		F7D589C3289AC26C0073709D /* UILabel+Ext.swift */ = {isa = PBXFileReference; lastKnownFileType = sourcecode.swift; path = "UILabel+Ext.swift"; sourceTree = "<group>"; };
		F7D589C5289ADD870073709D /* UIImageView+Ext.swift */ = {isa = PBXFileReference; lastKnownFileType = sourcecode.swift; path = "UIImageView+Ext.swift"; sourceTree = "<group>"; };
		F7D589C7289AEC1A0073709D /* Button.swift */ = {isa = PBXFileReference; lastKnownFileType = sourcecode.swift; path = Button.swift; sourceTree = "<group>"; };
		F7D9852228FA977500F54E24 /* FavoritesView.swift */ = {isa = PBXFileReference; fileEncoding = 4; lastKnownFileType = sourcecode.swift; path = FavoritesView.swift; sourceTree = "<group>"; };
		F7D9852328FA977500F54E24 /* FavoritesInteractor.swift */ = {isa = PBXFileReference; fileEncoding = 4; lastKnownFileType = sourcecode.swift; path = FavoritesInteractor.swift; sourceTree = "<group>"; };
		F7D9852428FA977500F54E24 /* FavoritesRouter.swift */ = {isa = PBXFileReference; fileEncoding = 4; lastKnownFileType = sourcecode.swift; path = FavoritesRouter.swift; sourceTree = "<group>"; };
		F7D9852628FA977500F54E24 /* FavoritesContentView.swift */ = {isa = PBXFileReference; fileEncoding = 4; lastKnownFileType = sourcecode.swift; path = FavoritesContentView.swift; sourceTree = "<group>"; };
		F7D9852728FA977500F54E24 /* FavoritesEntity.swift */ = {isa = PBXFileReference; fileEncoding = 4; lastKnownFileType = sourcecode.swift; path = FavoritesEntity.swift; sourceTree = "<group>"; };
		F7D9852828FA977500F54E24 /* FavoritesPresenter.swift */ = {isa = PBXFileReference; fileEncoding = 4; lastKnownFileType = sourcecode.swift; path = FavoritesPresenter.swift; sourceTree = "<group>"; };
		F7D9852F28FA9C0500F54E24 /* ModuleRouterProtocol.swift */ = {isa = PBXFileReference; lastKnownFileType = sourcecode.swift; path = ModuleRouterProtocol.swift; sourceTree = "<group>"; };
		F7DB96C128CCE4850031FD22 /* String+Ext.swift */ = {isa = PBXFileReference; lastKnownFileType = sourcecode.swift; path = "String+Ext.swift"; sourceTree = "<group>"; };
		F7F08F3728DA5BFE00851BB7 /* NetworkErrorResponse.swift */ = {isa = PBXFileReference; lastKnownFileType = sourcecode.swift; path = NetworkErrorResponse.swift; sourceTree = "<group>"; };
/* End PBXFileReference section */

/* Begin PBXFrameworksBuildPhase section */
		F7653FAC289452A200FC47FA /* Frameworks */ = {
			isa = PBXFrameworksBuildPhase;
			buildActionMask = 2147483647;
			files = (
			);
			runOnlyForDeploymentPostprocessing = 0;
		};
		F774B9172891AEDC00438A37 /* Frameworks */ = {
			isa = PBXFrameworksBuildPhase;
			buildActionMask = 2147483647;
			files = (
				F774B9332891B00500438A37 /* Kingfisher in Frameworks */,
				F774B9362891B01D00438A37 /* SnapKit in Frameworks */,
				F773111D28D5A10300642926 /* FirebaseAnalytics in Frameworks */,
				F773112328D5A10300642926 /* FirebaseCrashlytics in Frameworks */,
				F773111F28D5A10300642926 /* FirebaseAnalyticsOnDeviceConversion in Frameworks */,
				F700AAEE28F223C7005390E4 /* NotificationToast in Frameworks */,
				F773112128D5A10300642926 /* FirebaseAnalyticsSwift in Frameworks */,
			);
			runOnlyForDeploymentPostprocessing = 0;
		};
/* End PBXFrameworksBuildPhase section */

/* Begin PBXGroup section */
		F7002752289C3B4A0075C133 /* Views */ = {
			isa = PBXGroup;
			children = (
				F79ED12C28A811E3009DFC96 /* CoverView.swift */,
				F7002750289C3B470075C133 /* MediaTableView.swift */,
				F756924A28A5774700119BD8 /* HorizontalActionMenuView.swift */,
				F710245128AD5C1F0012CE0B /* GradientView.swift */,
				F7D46D3A28CFB43700F9EFBD /* ShareCircleView.swift */,
				F7C85DFD28DBA3AF007D0170 /* LoadingButton.swift */,
			);
			path = Views;
			sourceTree = "<group>";
		};
		F72E82FE28957883008D7702 /* Views */ = {
			isa = PBXGroup;
			children = (
				F774B94B2891B33A00438A37 /* View.swift */,
				F774B9482891B24400438A37 /* ViewController.swift */,
				F72E82FC2895777F008D7702 /* TableView.swift */,
				F7D589C7289AEC1A0073709D /* Button.swift */,
				F75A8BF128D39D4800EAB5BD /* Label.swift */,
				F7C85DFB28DB94D5007D0170 /* PaddedTextField.swift */,
			);
			path = Views;
			sourceTree = "<group>";
		};
		F72E82FF2895788B008D7702 /* Cells */ = {
			isa = PBXGroup;
			children = (
				F72E82F6289563D4008D7702 /* CollectionViewCell.swift */,
				F72E8300289578A2008D7702 /* TableViewCell.swift */,
			);
			path = Cells;
			sourceTree = "<group>";
		};
		F7653FB0289452A200FC47FA /* ShareExtension */ = {
			isa = PBXGroup;
			children = (
				F7653FB1289452A200FC47FA /* ShareViewController.swift */,
				F7653FB6289452A200FC47FA /* Info.plist */,
			);
			path = ShareExtension;
			sourceTree = "<group>";
		};
		F774B9112891AEDC00438A37 = {
			isa = PBXGroup;
			children = (
				F774B91C2891AEDC00438A37 /* MShare */,
				F7653FB0289452A200FC47FA /* ShareExtension */,
				F774B91B2891AEDC00438A37 /* Products */,
			);
			sourceTree = "<group>";
		};
		F774B91B2891AEDC00438A37 /* Products */ = {
			isa = PBXGroup;
			children = (
				F774B91A2891AEDC00438A37 /* MShare.app */,
				F7653FAF289452A200FC47FA /* ShareExtension.appex */,
			);
			name = Products;
			sourceTree = "<group>";
		};
		F774B91C2891AEDC00438A37 /* MShare */ = {
			isa = PBXGroup;
			children = (
				F774B9372891B03700438A37 /* Application */,
				F774B9472891B20F00438A37 /* Core */,
				F7D589BF289ABD310073709D /* CustomViews */,
				F7D147AD28D68AD300655F19 /* Responses */,
				F774B9392891B10B00438A37 /* Modules */,
				F7D147A028D684BC00655F19 /* Services */,
				F774B9382891B04600438A37 /* Resources */,
			);
			path = MShare;
			sourceTree = "<group>";
		};
		F774B9372891B03700438A37 /* Application */ = {
			isa = PBXGroup;
			children = (
				F774B91D2891AEDC00438A37 /* AppDelegate.swift */,
				F774B91F2891AEDC00438A37 /* SceneDelegate.swift */,
				F774B9282891AEDD00438A37 /* LaunchScreen.storyboard */,
			);
			path = Application;
			sourceTree = "<group>";
		};
		F774B9382891B04600438A37 /* Resources */ = {
			isa = PBXGroup;
			children = (
				F774B9262891AEDD00438A37 /* Assets.xcassets */,
				F774B92B2891AEDD00438A37 /* Info.plist */,
				F773111928D59F4700642926 /* GoogleService-Info.plist */,
			);
			path = Resources;
			sourceTree = "<group>";
		};
		F774B9392891B10B00438A37 /* Modules */ = {
			isa = PBXGroup;
			children = (
				F774B93C2891B16600438A37 /* Main */,
				F77A0DFE28A18EFE00FF4644 /* Chart */,
				F7902801289309320058CC19 /* Link */,
				F79028112893095D0058CC19 /* Search */,
				F7D9852128FA977500F54E24 /* Favorites */,
				F7902821289309940058CC19 /* Settings */,
				F777BE42289E479600595ACA /* DetailSong */,
			);
			path = Modules;
			sourceTree = "<group>";
		};
		F774B93C2891B16600438A37 /* Main */ = {
			isa = PBXGroup;
			children = (
				F774B9412891B16600438A37 /* MainView.swift */,
				F774B93E2891B16600438A37 /* MainInteractor.swift */,
				F774B93F2891B16600438A37 /* MainPresenter.swift */,
				F774B93D2891B16600438A37 /* MainEntity.swift */,
				F774B9402891B16600438A37 /* MainRouter.swift */,
			);
			path = Main;
			sourceTree = "<group>";
		};
		F774B9472891B20F00438A37 /* Core */ = {
			isa = PBXGroup;
			children = (
				F774B94A2891B31E00438A37 /* Components */,
				F790283328931E9E0058CC19 /* Extensions */,
				F774B94D2891B37A00438A37 /* ViewLayoutableProtocol.swift */,
				F774B94F2891B3BB00438A37 /* Make.swift */,
				F79ED12E28A82539009DFC96 /* Blurable.swift */,
				F75F684928FC84CD007B2E01 /* Loopable.swift */,
				F7D9852F28FA9C0500F54E24 /* ModuleRouterProtocol.swift */,
			);
			path = Core;
			sourceTree = "<group>";
		};
		F774B94A2891B31E00438A37 /* Components */ = {
			isa = PBXGroup;
			children = (
				F72E82FF2895788B008D7702 /* Cells */,
				F72E82FE28957883008D7702 /* Views */,
			);
			path = Components;
			sourceTree = "<group>";
		};
		F777BE42289E479600595ACA /* DetailSong */ = {
			isa = PBXGroup;
			children = (
				F777BE47289E479600595ACA /* Views */,
				F777BE45289E479600595ACA /* DetailSongView.swift */,
				F777BE46289E479600595ACA /* DetailSongInteractor.swift */,
				F777BE43289E479600595ACA /* DetailSongPresenter.swift */,
				F777BE49289E479600595ACA /* DetailSongEntity.swift */,
				F777BE44289E479600595ACA /* DetailSongRouter.swift */,
			);
			path = DetailSong;
			sourceTree = "<group>";
		};
		F777BE47289E479600595ACA /* Views */ = {
			isa = PBXGroup;
			children = (
				F777BE48289E479600595ACA /* DetailSongContentView.swift */,
			);
			path = Views;
			sourceTree = "<group>";
		};
		F77A0DFE28A18EFE00FF4644 /* Chart */ = {
			isa = PBXGroup;
			children = (
				F77A0E0328A18EFE00FF4644 /* Views */,
				F77A0DFF28A18EFE00FF4644 /* ChartView.swift */,
				F77A0E0528A18EFE00FF4644 /* ChartInteractor.swift */,
				F77A0E0128A18EFE00FF4644 /* ChartPresenter.swift */,
				F77A0E0028A18EFE00FF4644 /* ChartEntity.swift */,
				F77A0E0228A18EFE00FF4644 /* ChartRouter.swift */,
			);
			path = Chart;
			sourceTree = "<group>";
		};
		F77A0E0328A18EFE00FF4644 /* Views */ = {
			isa = PBXGroup;
			children = (
				F77A0E0428A18EFE00FF4644 /* ChartContentView.swift */,
			);
			path = Views;
			sourceTree = "<group>";
		};
		F77A0E0E28A192C700FF4644 /* HeaderFooterViews */ = {
			isa = PBXGroup;
			children = (
				F77A0E0C28A192BB00FF4644 /* ServiceHeaderView.swift */,
			);
			path = HeaderFooterViews;
			sourceTree = "<group>";
		};
		F7902801289309320058CC19 /* Link */ = {
			isa = PBXGroup;
			children = (
				F7902807289309320058CC19 /* Views */,
				F7902805289309320058CC19 /* LinkView.swift */,
				F7902803289309320058CC19 /* LinkInteractor.swift */,
				F7902806289309320058CC19 /* LinkPresenter.swift */,
				F7902804289309320058CC19 /* LinkEntity.swift */,
				F7902802289309320058CC19 /* LinkRouter.swift */,
			);
			path = Link;
			sourceTree = "<group>";
		};
		F7902807289309320058CC19 /* Views */ = {
			isa = PBXGroup;
			children = (
				F7902808289309320058CC19 /* LinkContentView.swift */,
			);
			path = Views;
			sourceTree = "<group>";
		};
		F79028112893095D0058CC19 /* Search */ = {
			isa = PBXGroup;
			children = (
				F79028172893095D0058CC19 /* Views */,
				F79028122893095D0058CC19 /* SearchView.swift */,
				F79028142893095D0058CC19 /* SearchInteractor.swift */,
				F79028152893095D0058CC19 /* SearchPresenter.swift */,
				F79028132893095D0058CC19 /* SearchEntity.swift */,
				F79028162893095D0058CC19 /* SearchRouter.swift */,
			);
			path = Search;
			sourceTree = "<group>";
		};
		F79028172893095D0058CC19 /* Views */ = {
			isa = PBXGroup;
			children = (
				F79028182893095D0058CC19 /* SearchContentView.swift */,
			);
			path = Views;
			sourceTree = "<group>";
		};
		F7902821289309940058CC19 /* Settings */ = {
			isa = PBXGroup;
			children = (
				F7902827289309940058CC19 /* Views */,
				F7902822289309940058CC19 /* SettingsView.swift */,
				F7902824289309940058CC19 /* SettingsInteractor.swift */,
				F7902826289309940058CC19 /* SettingsPresenter.swift */,
				F7902825289309940058CC19 /* SettingsEntity.swift */,
				F7902823289309940058CC19 /* SettingsRouter.swift */,
			);
			path = Settings;
			sourceTree = "<group>";
		};
		F7902827289309940058CC19 /* Views */ = {
			isa = PBXGroup;
			children = (
				F7902828289309940058CC19 /* SettingsContentView.swift */,
			);
			path = Views;
			sourceTree = "<group>";
		};
		F790283328931E9E0058CC19 /* Extensions */ = {
			isa = PBXGroup;
			children = (
				F7DB96C028CCE4770031FD22 /* Foundation */,
				F7DB96BF28CCE4700031FD22 /* UIKit */,
			);
			path = Extensions;
			sourceTree = "<group>";
		};
		F7D147A028D684BC00655F19 /* Services */ = {
			isa = PBXGroup;
			children = (
				F7D147A528D685A700655F19 /* Network */,
			);
			path = Services;
			sourceTree = "<group>";
		};
		F7D147A528D685A700655F19 /* Network */ = {
			isa = PBXGroup;
			children = (
				F7D147A128D684E700655F19 /* NetworkError.swift */,
				F7F08F3728DA5BFE00851BB7 /* NetworkErrorResponse.swift */,
				F7D1479E28D684B600655F19 /* NetworkService.swift */,
				F7D147A728D685E800655F19 /* RequestBuilder.swift */,
				F7D147A628D685B900655F19 /* Endpoints */,
			);
			path = Network;
			sourceTree = "<group>";
		};
		F7D147A628D685B900655F19 /* Endpoints */ = {
			isa = PBXGroup;
			children = (
				F7D147A328D6858700655F19 /* EndpointProtocol.swift */,
				F7D147A928D6866600655F19 /* GetSong.swift */,
			);
			path = Endpoints;
			sourceTree = "<group>";
		};
		F7D147AD28D68AD300655F19 /* Responses */ = {
			isa = PBXGroup;
			children = (
				F7D147AB28D68ACE00655F19 /* MediaResponse.swift */,
			);
			path = Responses;
			sourceTree = "<group>";
		};
		F7D589BF289ABD310073709D /* CustomViews */ = {
			isa = PBXGroup;
			children = (
				F77A0E0E28A192C700FF4644 /* HeaderFooterViews */,
				F7D589C2289ABDF90073709D /* Cells */,
				F7002752289C3B4A0075C133 /* Views */,
			);
			path = CustomViews;
			sourceTree = "<group>";
		};
		F7D589C2289ABDF90073709D /* Cells */ = {
			isa = PBXGroup;
			children = (
				F7D589C0289ABDF60073709D /* MediaTableViewCell.swift */,
				F756924C28A57BD400119BD8 /* HorizontalActionMenuViewCell.swift */,
				F741F9EA29033AC600121BB4 /* SettingsTableViewCell.swift */,
			);
			path = Cells;
			sourceTree = "<group>";
		};
		F7D9852128FA977500F54E24 /* Favorites */ = {
			isa = PBXGroup;
			children = (
				F7D9852528FA977500F54E24 /* Views */,
				F7D9852228FA977500F54E24 /* FavoritesView.swift */,
				F7D9852328FA977500F54E24 /* FavoritesInteractor.swift */,
				F7D9852828FA977500F54E24 /* FavoritesPresenter.swift */,
				F7D9852728FA977500F54E24 /* FavoritesEntity.swift */,
				F7D9852428FA977500F54E24 /* FavoritesRouter.swift */,
			);
			path = Favorites;
			sourceTree = "<group>";
		};
		F7D9852528FA977500F54E24 /* Views */ = {
			isa = PBXGroup;
			children = (
				F7D9852628FA977500F54E24 /* FavoritesContentView.swift */,
			);
			path = Views;
			sourceTree = "<group>";
		};
		F7DB96BF28CCE4700031FD22 /* UIKit */ = {
			isa = PBXGroup;
			children = (
				F790283128931E9C0058CC19 /* UIEdgeInsets+Ext.swift */,
				F7902834289322EB0058CC19 /* UIStackView+Ext.swift */,
				F72E82F828956838008D7702 /* UICollectionView+Ext.swift */,
				F72E82FA2895775C008D7702 /* UITableView+Ext.swift */,
				F7D589C3289AC26C0073709D /* UILabel+Ext.swift */,
				F7D589C5289ADD870073709D /* UIImageView+Ext.swift */,
				F710244F28AD4D920012CE0B /* UIColor+Ext.swift */,
				F7C1780C28B7DE5600DD0F4D /* UINavigationBar+Ext.swift */,
				F785E3A028C3998200DE1BC0 /* UIDevice+Ext.swift */,
			);
			path = UIKit;
			sourceTree = "<group>";
		};
		F7DB96C028CCE4770031FD22 /* Foundation */ = {
			isa = PBXGroup;
			children = (
				F7DB96C128CCE4850031FD22 /* String+Ext.swift */,
			);
			path = Foundation;
			sourceTree = "<group>";
		};
/* End PBXGroup section */

/* Begin PBXNativeTarget section */
		F7653FAE289452A200FC47FA /* ShareExtension */ = {
			isa = PBXNativeTarget;
			buildConfigurationList = F7653FBD289452A200FC47FA /* Build configuration list for PBXNativeTarget "ShareExtension" */;
			buildPhases = (
				F7653FAB289452A200FC47FA /* Sources */,
				F7653FAC289452A200FC47FA /* Frameworks */,
				F7653FAD289452A200FC47FA /* Resources */,
			);
			buildRules = (
			);
			dependencies = (
			);
			name = ShareExtension;
			productName = ShareExtension;
			productReference = F7653FAF289452A200FC47FA /* ShareExtension.appex */;
			productType = "com.apple.product-type.app-extension";
		};
		F774B9192891AEDC00438A37 /* MShare */ = {
			isa = PBXNativeTarget;
			buildConfigurationList = F774B92E2891AEDD00438A37 /* Build configuration list for PBXNativeTarget "MShare" */;
			buildPhases = (
				F774B9162891AEDC00438A37 /* Sources */,
				F774B9172891AEDC00438A37 /* Frameworks */,
				F774B9182891AEDC00438A37 /* Resources */,
				F7653FBA289452A200FC47FA /* Embed App Extensions */,
				F773112428D5A22C00642926 /* ShellScript */,
			);
			buildRules = (
			);
			dependencies = (
				F7653FB8289452A200FC47FA /* PBXTargetDependency */,
			);
			name = MShare;
			packageProductDependencies = (
				F774B9322891B00500438A37 /* Kingfisher */,
				F774B9352891B01D00438A37 /* SnapKit */,
				F773111C28D5A10300642926 /* FirebaseAnalytics */,
				F773111E28D5A10300642926 /* FirebaseAnalyticsOnDeviceConversion */,
				F773112028D5A10300642926 /* FirebaseAnalyticsSwift */,
				F773112228D5A10300642926 /* FirebaseCrashlytics */,
				F700AAED28F223C7005390E4 /* NotificationToast */,
			);
			productName = MShare;
			productReference = F774B91A2891AEDC00438A37 /* MShare.app */;
			productType = "com.apple.product-type.application";
		};
/* End PBXNativeTarget section */

/* Begin PBXProject section */
		F774B9122891AEDC00438A37 /* Project object */ = {
			isa = PBXProject;
			attributes = {
				BuildIndependentTargetsInParallel = 1;
				LastSwiftUpdateCheck = 1340;
				LastUpgradeCheck = 1340;
				TargetAttributes = {
					F7653FAE289452A200FC47FA = {
						CreatedOnToolsVersion = 13.4.1;
					};
					F774B9192891AEDC00438A37 = {
						CreatedOnToolsVersion = 13.4.1;
					};
				};
			};
			buildConfigurationList = F774B9152891AEDC00438A37 /* Build configuration list for PBXProject "MShare" */;
			compatibilityVersion = "Xcode 13.0";
			developmentRegion = en;
			hasScannedForEncodings = 0;
			knownRegions = (
				en,
				Base,
			);
			mainGroup = F774B9112891AEDC00438A37;
			packageReferences = (
				F774B9312891B00500438A37 /* XCRemoteSwiftPackageReference "Kingfisher" */,
				F774B9342891B01D00438A37 /* XCRemoteSwiftPackageReference "SnapKit" */,
				F773111B28D5A10300642926 /* XCRemoteSwiftPackageReference "firebase-ios-sdk" */,
				F700AAEC28F223C6005390E4 /* XCRemoteSwiftPackageReference "NotificationToast" */,
			);
			productRefGroup = F774B91B2891AEDC00438A37 /* Products */;
			projectDirPath = "";
			projectRoot = "";
			targets = (
				F774B9192891AEDC00438A37 /* MShare */,
				F7653FAE289452A200FC47FA /* ShareExtension */,
			);
		};
/* End PBXProject section */

/* Begin PBXResourcesBuildPhase section */
		F7653FAD289452A200FC47FA /* Resources */ = {
			isa = PBXResourcesBuildPhase;
			buildActionMask = 2147483647;
			files = (
			);
			runOnlyForDeploymentPostprocessing = 0;
		};
		F774B9182891AEDC00438A37 /* Resources */ = {
			isa = PBXResourcesBuildPhase;
			buildActionMask = 2147483647;
			files = (
				F774B92A2891AEDD00438A37 /* LaunchScreen.storyboard in Resources */,
				F774B9272891AEDD00438A37 /* Assets.xcassets in Resources */,
				F773111A28D59F4700642926 /* GoogleService-Info.plist in Resources */,
			);
			runOnlyForDeploymentPostprocessing = 0;
		};
/* End PBXResourcesBuildPhase section */

/* Begin PBXShellScriptBuildPhase section */
		F773112428D5A22C00642926 /* ShellScript */ = {
			isa = PBXShellScriptBuildPhase;
			buildActionMask = 2147483647;
			files = (
			);
			inputFileListPaths = (
			);
			inputPaths = (
				"${DWARF_DSYM_FOLDER_PATH}/${DWARF_DSYM_FILE_NAME}/Contents/Resources/DWARF/${TARGET_NAME}",
				"$(SRCROOT)/$(BUILT_PRODUCTS_DIR)/MShare/Resources/$(INFOPLIST_PATH)",
			);
			outputFileListPaths = (
			);
			outputPaths = (
			);
			runOnlyForDeploymentPostprocessing = 0;
			shellPath = /bin/sh;
			shellScript = "\"${BUILD_DIR%/Build/*}/SourcePackages/checkouts/firebase-ios-sdk/Crashlytics/run\"\n";
		};
/* End PBXShellScriptBuildPhase section */

/* Begin PBXSourcesBuildPhase section */
		F7653FAB289452A200FC47FA /* Sources */ = {
			isa = PBXSourcesBuildPhase;
			buildActionMask = 2147483647;
			files = (
				F7653FB2289452A200FC47FA /* ShareViewController.swift in Sources */,
			);
			runOnlyForDeploymentPostprocessing = 0;
		};
		F774B9162891AEDC00438A37 /* Sources */ = {
			isa = PBXSourcesBuildPhase;
			buildActionMask = 2147483647;
			files = (
				F774B94E2891B37A00438A37 /* ViewLayoutableProtocol.swift in Sources */,
				F774B9462891B16600438A37 /* MainView.swift in Sources */,
				F710245228AD5C1F0012CE0B /* GradientView.swift in Sources */,
				F790281B2893095D0058CC19 /* SearchInteractor.swift in Sources */,
				F790283228931E9C0058CC19 /* UIEdgeInsets+Ext.swift in Sources */,
				F7C85DFE28DBA3AF007D0170 /* LoadingButton.swift in Sources */,
				F777BE4A289E479600595ACA /* DetailSongPresenter.swift in Sources */,
				F774B94C2891B33A00438A37 /* View.swift in Sources */,
				F72E82F7289563D4008D7702 /* CollectionViewCell.swift in Sources */,
				F7D589C1289ABDF60073709D /* MediaTableViewCell.swift in Sources */,
				F75F684A28FC84CD007B2E01 /* Loopable.swift in Sources */,
				F7D589C6289ADD870073709D /* UIImageView+Ext.swift in Sources */,
				F790280A289309320058CC19 /* LinkInteractor.swift in Sources */,
				F790282E289309940058CC19 /* SettingsContentView.swift in Sources */,
				F774B9452891B16600438A37 /* MainRouter.swift in Sources */,
				F77A0E0B28A18EFE00FF4644 /* ChartInteractor.swift in Sources */,
				F7D589C4289AC26C0073709D /* UILabel+Ext.swift in Sources */,
				F7D147A828D685E800655F19 /* RequestBuilder.swift in Sources */,
				F72E82F928956838008D7702 /* UICollectionView+Ext.swift in Sources */,
				F7D46D3B28CFB43700F9EFBD /* ShareCircleView.swift in Sources */,
				F756924B28A5774700119BD8 /* HorizontalActionMenuView.swift in Sources */,
				F7D9852928FA977500F54E24 /* FavoritesView.swift in Sources */,
				F75A8BF228D39D4800EAB5BD /* Label.swift in Sources */,
				F790281A2893095D0058CC19 /* SearchEntity.swift in Sources */,
				F756924D28A57BD400119BD8 /* HorizontalActionMenuViewCell.swift in Sources */,
				F777BE4E289E479600595ACA /* DetailSongContentView.swift in Sources */,
				F7D1479F28D684B600655F19 /* NetworkService.swift in Sources */,
				F790281C2893095D0058CC19 /* SearchPresenter.swift in Sources */,
				F79028192893095D0058CC19 /* SearchView.swift in Sources */,
				F77A0E0628A18EFE00FF4644 /* ChartView.swift in Sources */,
				F77A0E0A28A18EFE00FF4644 /* ChartContentView.swift in Sources */,
				F7D9852E28FA977500F54E24 /* FavoritesPresenter.swift in Sources */,
				F777BE4F289E479600595ACA /* DetailSongEntity.swift in Sources */,
				F77A0E0828A18EFE00FF4644 /* ChartPresenter.swift in Sources */,
				F790280B289309320058CC19 /* LinkEntity.swift in Sources */,
				F7D9853028FA9C0500F54E24 /* ModuleRouterProtocol.swift in Sources */,
				F79ED12D28A811E3009DFC96 /* CoverView.swift in Sources */,
				F777BE4C289E479600595ACA /* DetailSongView.swift in Sources */,
				F774B9502891B3BB00438A37 /* Make.swift in Sources */,
				F72E82FD2895777F008D7702 /* TableView.swift in Sources */,
				F777BE4B289E479600595ACA /* DetailSongRouter.swift in Sources */,
				F710245028AD4D920012CE0B /* UIColor+Ext.swift in Sources */,
				F7D147AC28D68ACE00655F19 /* MediaResponse.swift in Sources */,
				F790282D289309940058CC19 /* SettingsPresenter.swift in Sources */,
				F774B9492891B24400438A37 /* ViewController.swift in Sources */,
				F790280C289309320058CC19 /* LinkView.swift in Sources */,
				F7DB96C228CCE4850031FD22 /* String+Ext.swift in Sources */,
				F7C85DFC28DB94D5007D0170 /* PaddedTextField.swift in Sources */,
				F7002751289C3B470075C133 /* MediaTableView.swift in Sources */,
				F7D9852C28FA977500F54E24 /* FavoritesContentView.swift in Sources */,
				F7902829289309940058CC19 /* SettingsView.swift in Sources */,
				F790282C289309940058CC19 /* SettingsEntity.swift in Sources */,
				F7C1780D28B7DE5600DD0F4D /* UINavigationBar+Ext.swift in Sources */,
				F77A0E0928A18EFE00FF4644 /* ChartRouter.swift in Sources */,
				F7D9852A28FA977500F54E24 /* FavoritesInteractor.swift in Sources */,
				F774B9442891B16600438A37 /* MainPresenter.swift in Sources */,
				F7F08F3828DA5BFF00851BB7 /* NetworkErrorResponse.swift in Sources */,
				F790281D2893095D0058CC19 /* SearchRouter.swift in Sources */,
				F790280D289309320058CC19 /* LinkPresenter.swift in Sources */,
				F7D589C8289AEC1A0073709D /* Button.swift in Sources */,
				F790282B289309940058CC19 /* SettingsInteractor.swift in Sources */,
				F774B9422891B16600438A37 /* MainEntity.swift in Sources */,
				F7D147A228D684E700655F19 /* NetworkError.swift in Sources */,
				F79ED12F28A82539009DFC96 /* Blurable.swift in Sources */,
				F77A0E0728A18EFE00FF4644 /* ChartEntity.swift in Sources */,
				F790282A289309940058CC19 /* SettingsRouter.swift in Sources */,
				F7D9852D28FA977500F54E24 /* FavoritesEntity.swift in Sources */,
				F7902809289309320058CC19 /* LinkRouter.swift in Sources */,
				F7D147AA28D6866600655F19 /* GetSong.swift in Sources */,
				F7D9852B28FA977500F54E24 /* FavoritesRouter.swift in Sources */,
				F777BE4D289E479600595ACA /* DetailSongInteractor.swift in Sources */,
				F774B91E2891AEDC00438A37 /* AppDelegate.swift in Sources */,
				F774B9432891B16600438A37 /* MainInteractor.swift in Sources */,
				F741F9EB29033AC600121BB4 /* SettingsTableViewCell.swift in Sources */,
				F790281E2893095D0058CC19 /* SearchContentView.swift in Sources */,
				F785E3A128C3998200DE1BC0 /* UIDevice+Ext.swift in Sources */,
				F774B9202891AEDC00438A37 /* SceneDelegate.swift in Sources */,
				F72E8301289578A2008D7702 /* TableViewCell.swift in Sources */,
				F790280E289309320058CC19 /* LinkContentView.swift in Sources */,
				F72E82FB2895775C008D7702 /* UITableView+Ext.swift in Sources */,
				F7902835289322EB0058CC19 /* UIStackView+Ext.swift in Sources */,
				F7D147A428D6858700655F19 /* EndpointProtocol.swift in Sources */,
				F77A0E0D28A192BB00FF4644 /* ServiceHeaderView.swift in Sources */,
			);
			runOnlyForDeploymentPostprocessing = 0;
		};
/* End PBXSourcesBuildPhase section */

/* Begin PBXTargetDependency section */
		F7653FB8289452A200FC47FA /* PBXTargetDependency */ = {
			isa = PBXTargetDependency;
			target = F7653FAE289452A200FC47FA /* ShareExtension */;
			targetProxy = F7653FB7289452A200FC47FA /* PBXContainerItemProxy */;
		};
/* End PBXTargetDependency section */

/* Begin PBXVariantGroup section */
		F774B9282891AEDD00438A37 /* LaunchScreen.storyboard */ = {
			isa = PBXVariantGroup;
			children = (
				F774B9292891AEDD00438A37 /* Base */,
			);
			name = LaunchScreen.storyboard;
			sourceTree = "<group>";
		};
/* End PBXVariantGroup section */

/* Begin XCBuildConfiguration section */
		F7653FBB289452A200FC47FA /* Debug */ = {
			isa = XCBuildConfiguration;
			buildSettings = {
				CODE_SIGN_STYLE = Automatic;
				CURRENT_PROJECT_VERSION = 1;
				DEVELOPMENT_TEAM = 3S8AVD2TKW;
				GENERATE_INFOPLIST_FILE = YES;
				INFOPLIST_FILE = ShareExtension/Info.plist;
				INFOPLIST_KEY_CFBundleDisplayName = ShareExtension;
				INFOPLIST_KEY_NSHumanReadableCopyright = "";
				IPHONEOS_DEPLOYMENT_TARGET = 15.5;
				LD_RUNPATH_SEARCH_PATHS = (
					"$(inherited)",
					"@executable_path/Frameworks",
					"@executable_path/../../Frameworks",
				);
				MARKETING_VERSION = 1.0;
				PRODUCT_BUNDLE_IDENTIFIER = com.bogdanpoh.MShare.ShareExtension;
				PRODUCT_NAME = "$(TARGET_NAME)";
				SKIP_INSTALL = YES;
				SWIFT_EMIT_LOC_STRINGS = YES;
				SWIFT_VERSION = 5.0;
				TARGETED_DEVICE_FAMILY = "1,2";
			};
			name = Debug;
		};
		F7653FBC289452A200FC47FA /* Release */ = {
			isa = XCBuildConfiguration;
			buildSettings = {
				CODE_SIGN_STYLE = Automatic;
				CURRENT_PROJECT_VERSION = 1;
				DEVELOPMENT_TEAM = 3S8AVD2TKW;
				GENERATE_INFOPLIST_FILE = YES;
				INFOPLIST_FILE = ShareExtension/Info.plist;
				INFOPLIST_KEY_CFBundleDisplayName = ShareExtension;
				INFOPLIST_KEY_NSHumanReadableCopyright = "";
				IPHONEOS_DEPLOYMENT_TARGET = 15.5;
				LD_RUNPATH_SEARCH_PATHS = (
					"$(inherited)",
					"@executable_path/Frameworks",
					"@executable_path/../../Frameworks",
				);
				MARKETING_VERSION = 1.0;
				PRODUCT_BUNDLE_IDENTIFIER = com.bogdanpoh.MShare.ShareExtension;
				PRODUCT_NAME = "$(TARGET_NAME)";
				SKIP_INSTALL = YES;
				SWIFT_EMIT_LOC_STRINGS = YES;
				SWIFT_VERSION = 5.0;
				TARGETED_DEVICE_FAMILY = "1,2";
			};
			name = Release;
		};
		F774B92C2891AEDD00438A37 /* Debug */ = {
			isa = XCBuildConfiguration;
			buildSettings = {
				ALWAYS_SEARCH_USER_PATHS = NO;
				CLANG_ANALYZER_NONNULL = YES;
				CLANG_ANALYZER_NUMBER_OBJECT_CONVERSION = YES_AGGRESSIVE;
				CLANG_CXX_LANGUAGE_STANDARD = "gnu++17";
				CLANG_ENABLE_MODULES = YES;
				CLANG_ENABLE_OBJC_ARC = YES;
				CLANG_ENABLE_OBJC_WEAK = YES;
				CLANG_WARN_BLOCK_CAPTURE_AUTORELEASING = YES;
				CLANG_WARN_BOOL_CONVERSION = YES;
				CLANG_WARN_COMMA = YES;
				CLANG_WARN_CONSTANT_CONVERSION = YES;
				CLANG_WARN_DEPRECATED_OBJC_IMPLEMENTATIONS = YES;
				CLANG_WARN_DIRECT_OBJC_ISA_USAGE = YES_ERROR;
				CLANG_WARN_DOCUMENTATION_COMMENTS = YES;
				CLANG_WARN_EMPTY_BODY = YES;
				CLANG_WARN_ENUM_CONVERSION = YES;
				CLANG_WARN_INFINITE_RECURSION = YES;
				CLANG_WARN_INT_CONVERSION = YES;
				CLANG_WARN_NON_LITERAL_NULL_CONVERSION = YES;
				CLANG_WARN_OBJC_IMPLICIT_RETAIN_SELF = YES;
				CLANG_WARN_OBJC_LITERAL_CONVERSION = YES;
				CLANG_WARN_OBJC_ROOT_CLASS = YES_ERROR;
				CLANG_WARN_QUOTED_INCLUDE_IN_FRAMEWORK_HEADER = YES;
				CLANG_WARN_RANGE_LOOP_ANALYSIS = YES;
				CLANG_WARN_STRICT_PROTOTYPES = YES;
				CLANG_WARN_SUSPICIOUS_MOVE = YES;
				CLANG_WARN_UNGUARDED_AVAILABILITY = YES_AGGRESSIVE;
				CLANG_WARN_UNREACHABLE_CODE = YES;
				CLANG_WARN__DUPLICATE_METHOD_MATCH = YES;
				COPY_PHASE_STRIP = NO;
				DEBUG_INFORMATION_FORMAT = "dwarf-with-dsym";
				ENABLE_STRICT_OBJC_MSGSEND = YES;
				ENABLE_TESTABILITY = YES;
				GCC_C_LANGUAGE_STANDARD = gnu11;
				GCC_DYNAMIC_NO_PIC = NO;
				GCC_NO_COMMON_BLOCKS = YES;
				GCC_OPTIMIZATION_LEVEL = 0;
				GCC_PREPROCESSOR_DEFINITIONS = (
					"DEBUG=1",
					"$(inherited)",
				);
				GCC_WARN_64_TO_32_BIT_CONVERSION = YES;
				GCC_WARN_ABOUT_RETURN_TYPE = YES_ERROR;
				GCC_WARN_UNDECLARED_SELECTOR = YES;
				GCC_WARN_UNINITIALIZED_AUTOS = YES_AGGRESSIVE;
				GCC_WARN_UNUSED_FUNCTION = YES;
				GCC_WARN_UNUSED_VARIABLE = YES;
				IPHONEOS_DEPLOYMENT_TARGET = 13.0;
				MTL_ENABLE_DEBUG_INFO = INCLUDE_SOURCE;
				MTL_FAST_MATH = YES;
				ONLY_ACTIVE_ARCH = YES;
				SDKROOT = iphoneos;
				SWIFT_ACTIVE_COMPILATION_CONDITIONS = DEBUG;
				SWIFT_OPTIMIZATION_LEVEL = "-Onone";
			};
			name = Debug;
		};
		F774B92D2891AEDD00438A37 /* Release */ = {
			isa = XCBuildConfiguration;
			buildSettings = {
				ALWAYS_SEARCH_USER_PATHS = NO;
				CLANG_ANALYZER_NONNULL = YES;
				CLANG_ANALYZER_NUMBER_OBJECT_CONVERSION = YES_AGGRESSIVE;
				CLANG_CXX_LANGUAGE_STANDARD = "gnu++17";
				CLANG_ENABLE_MODULES = YES;
				CLANG_ENABLE_OBJC_ARC = YES;
				CLANG_ENABLE_OBJC_WEAK = YES;
				CLANG_WARN_BLOCK_CAPTURE_AUTORELEASING = YES;
				CLANG_WARN_BOOL_CONVERSION = YES;
				CLANG_WARN_COMMA = YES;
				CLANG_WARN_CONSTANT_CONVERSION = YES;
				CLANG_WARN_DEPRECATED_OBJC_IMPLEMENTATIONS = YES;
				CLANG_WARN_DIRECT_OBJC_ISA_USAGE = YES_ERROR;
				CLANG_WARN_DOCUMENTATION_COMMENTS = YES;
				CLANG_WARN_EMPTY_BODY = YES;
				CLANG_WARN_ENUM_CONVERSION = YES;
				CLANG_WARN_INFINITE_RECURSION = YES;
				CLANG_WARN_INT_CONVERSION = YES;
				CLANG_WARN_NON_LITERAL_NULL_CONVERSION = YES;
				CLANG_WARN_OBJC_IMPLICIT_RETAIN_SELF = YES;
				CLANG_WARN_OBJC_LITERAL_CONVERSION = YES;
				CLANG_WARN_OBJC_ROOT_CLASS = YES_ERROR;
				CLANG_WARN_QUOTED_INCLUDE_IN_FRAMEWORK_HEADER = YES;
				CLANG_WARN_RANGE_LOOP_ANALYSIS = YES;
				CLANG_WARN_STRICT_PROTOTYPES = YES;
				CLANG_WARN_SUSPICIOUS_MOVE = YES;
				CLANG_WARN_UNGUARDED_AVAILABILITY = YES_AGGRESSIVE;
				CLANG_WARN_UNREACHABLE_CODE = YES;
				CLANG_WARN__DUPLICATE_METHOD_MATCH = YES;
				COPY_PHASE_STRIP = NO;
				DEBUG_INFORMATION_FORMAT = "dwarf-with-dsym";
				ENABLE_NS_ASSERTIONS = NO;
				ENABLE_STRICT_OBJC_MSGSEND = YES;
				GCC_C_LANGUAGE_STANDARD = gnu11;
				GCC_NO_COMMON_BLOCKS = YES;
				GCC_WARN_64_TO_32_BIT_CONVERSION = YES;
				GCC_WARN_ABOUT_RETURN_TYPE = YES_ERROR;
				GCC_WARN_UNDECLARED_SELECTOR = YES;
				GCC_WARN_UNINITIALIZED_AUTOS = YES_AGGRESSIVE;
				GCC_WARN_UNUSED_FUNCTION = YES;
				GCC_WARN_UNUSED_VARIABLE = YES;
				IPHONEOS_DEPLOYMENT_TARGET = 13.0;
				MTL_ENABLE_DEBUG_INFO = NO;
				MTL_FAST_MATH = YES;
				SDKROOT = iphoneos;
				SWIFT_COMPILATION_MODE = wholemodule;
				SWIFT_OPTIMIZATION_LEVEL = "-O";
				VALIDATE_PRODUCT = YES;
			};
			name = Release;
		};
		F774B92F2891AEDD00438A37 /* Debug */ = {
			isa = XCBuildConfiguration;
			buildSettings = {
				ALWAYS_EMBED_SWIFT_STANDARD_LIBRARIES = YES;
				ASSETCATALOG_COMPILER_APPICON_NAME = AppIcon;
				ASSETCATALOG_COMPILER_GLOBAL_ACCENT_COLOR_NAME = AccentColor;
				CODE_SIGN_STYLE = Automatic;
				CURRENT_PROJECT_VERSION = 1;
				DEVELOPMENT_TEAM = 3S8AVD2TKW;
				GENERATE_INFOPLIST_FILE = YES;
				INFOPLIST_FILE = MShare/Resources/Info.plist;
				INFOPLIST_KEY_UIApplicationSupportsIndirectInputEvents = YES;
				INFOPLIST_KEY_UILaunchStoryboardName = LaunchScreen;
				INFOPLIST_KEY_UISupportedInterfaceOrientations = UIInterfaceOrientationPortrait;
				INFOPLIST_KEY_UISupportedInterfaceOrientations_iPhone = UIInterfaceOrientationPortrait;
				LD_RUNPATH_SEARCH_PATHS = (
					"$(inherited)",
					"@executable_path/Frameworks",
				);
				MARKETING_VERSION = 1.0;
				PRODUCT_BUNDLE_IDENTIFIER = com.bogdanpoh.MShare;
				PRODUCT_NAME = "$(TARGET_NAME)";
				SWIFT_EMIT_LOC_STRINGS = YES;
				SWIFT_VERSION = 5.0;
				TARGETED_DEVICE_FAMILY = 1;
			};
			name = Debug;
		};
		F774B9302891AEDD00438A37 /* Release */ = {
			isa = XCBuildConfiguration;
			buildSettings = {
				ALWAYS_EMBED_SWIFT_STANDARD_LIBRARIES = YES;
				ASSETCATALOG_COMPILER_APPICON_NAME = AppIcon;
				ASSETCATALOG_COMPILER_GLOBAL_ACCENT_COLOR_NAME = AccentColor;
				CODE_SIGN_STYLE = Automatic;
				CURRENT_PROJECT_VERSION = 1;
				DEVELOPMENT_TEAM = 3S8AVD2TKW;
				GENERATE_INFOPLIST_FILE = YES;
				INFOPLIST_FILE = MShare/Resources/Info.plist;
				INFOPLIST_KEY_UIApplicationSupportsIndirectInputEvents = YES;
				INFOPLIST_KEY_UILaunchStoryboardName = LaunchScreen;
				INFOPLIST_KEY_UISupportedInterfaceOrientations = UIInterfaceOrientationPortrait;
				INFOPLIST_KEY_UISupportedInterfaceOrientations_iPhone = UIInterfaceOrientationPortrait;
				LD_RUNPATH_SEARCH_PATHS = (
					"$(inherited)",
					"@executable_path/Frameworks",
				);
				MARKETING_VERSION = 1.0;
				PRODUCT_BUNDLE_IDENTIFIER = com.bogdanpoh.MShare;
				PRODUCT_NAME = "$(TARGET_NAME)";
				SWIFT_EMIT_LOC_STRINGS = YES;
				SWIFT_VERSION = 5.0;
				TARGETED_DEVICE_FAMILY = 1;
			};
			name = Release;
		};
/* End XCBuildConfiguration section */

/* Begin XCConfigurationList section */
		F7653FBD289452A200FC47FA /* Build configuration list for PBXNativeTarget "ShareExtension" */ = {
			isa = XCConfigurationList;
			buildConfigurations = (
				F7653FBB289452A200FC47FA /* Debug */,
				F7653FBC289452A200FC47FA /* Release */,
			);
			defaultConfigurationIsVisible = 0;
			defaultConfigurationName = Release;
		};
		F774B9152891AEDC00438A37 /* Build configuration list for PBXProject "MShare" */ = {
			isa = XCConfigurationList;
			buildConfigurations = (
				F774B92C2891AEDD00438A37 /* Debug */,
				F774B92D2891AEDD00438A37 /* Release */,
			);
			defaultConfigurationIsVisible = 0;
			defaultConfigurationName = Release;
		};
		F774B92E2891AEDD00438A37 /* Build configuration list for PBXNativeTarget "MShare" */ = {
			isa = XCConfigurationList;
			buildConfigurations = (
				F774B92F2891AEDD00438A37 /* Debug */,
				F774B9302891AEDD00438A37 /* Release */,
			);
			defaultConfigurationIsVisible = 0;
			defaultConfigurationName = Release;
		};
/* End XCConfigurationList section */

/* Begin XCRemoteSwiftPackageReference section */
		F700AAEC28F223C6005390E4 /* XCRemoteSwiftPackageReference "NotificationToast" */ = {
			isa = XCRemoteSwiftPackageReference;
			repositoryURL = "https://github.com/PhilippeWeidmann/NotificationToast.git";
			requirement = {
				kind = upToNextMajorVersion;
				minimumVersion = 1.0.0;
			};
		};
		F773111B28D5A10300642926 /* XCRemoteSwiftPackageReference "firebase-ios-sdk" */ = {
			isa = XCRemoteSwiftPackageReference;
			repositoryURL = "https://github.com/firebase/firebase-ios-sdk";
			requirement = {
				kind = upToNextMajorVersion;
				minimumVersion = 9.0.0;
			};
		};
		F774B9312891B00500438A37 /* XCRemoteSwiftPackageReference "Kingfisher" */ = {
			isa = XCRemoteSwiftPackageReference;
			repositoryURL = "https://github.com/onevcat/Kingfisher.git";
			requirement = {
				kind = upToNextMajorVersion;
				minimumVersion = 7.0.0;
			};
		};
		F774B9342891B01D00438A37 /* XCRemoteSwiftPackageReference "SnapKit" */ = {
			isa = XCRemoteSwiftPackageReference;
			repositoryURL = "https://github.com/SnapKit/SnapKit.git";
			requirement = {
				kind = upToNextMajorVersion;
				minimumVersion = 5.0.1;
			};
		};
/* End XCRemoteSwiftPackageReference section */

/* Begin XCSwiftPackageProductDependency section */
		F700AAED28F223C7005390E4 /* NotificationToast */ = {
			isa = XCSwiftPackageProductDependency;
			package = F700AAEC28F223C6005390E4 /* XCRemoteSwiftPackageReference "NotificationToast" */;
			productName = NotificationToast;
		};
		F773111C28D5A10300642926 /* FirebaseAnalytics */ = {
			isa = XCSwiftPackageProductDependency;
			package = F773111B28D5A10300642926 /* XCRemoteSwiftPackageReference "firebase-ios-sdk" */;
			productName = FirebaseAnalytics;
		};
		F773111E28D5A10300642926 /* FirebaseAnalyticsOnDeviceConversion */ = {
			isa = XCSwiftPackageProductDependency;
			package = F773111B28D5A10300642926 /* XCRemoteSwiftPackageReference "firebase-ios-sdk" */;
			productName = FirebaseAnalyticsOnDeviceConversion;
		};
		F773112028D5A10300642926 /* FirebaseAnalyticsSwift */ = {
			isa = XCSwiftPackageProductDependency;
			package = F773111B28D5A10300642926 /* XCRemoteSwiftPackageReference "firebase-ios-sdk" */;
			productName = FirebaseAnalyticsSwift;
		};
		F773112228D5A10300642926 /* FirebaseCrashlytics */ = {
			isa = XCSwiftPackageProductDependency;
			package = F773111B28D5A10300642926 /* XCRemoteSwiftPackageReference "firebase-ios-sdk" */;
			productName = FirebaseCrashlytics;
		};
		F774B9322891B00500438A37 /* Kingfisher */ = {
			isa = XCSwiftPackageProductDependency;
			package = F774B9312891B00500438A37 /* XCRemoteSwiftPackageReference "Kingfisher" */;
			productName = Kingfisher;
		};
		F774B9352891B01D00438A37 /* SnapKit */ = {
			isa = XCSwiftPackageProductDependency;
			package = F774B9342891B01D00438A37 /* XCRemoteSwiftPackageReference "SnapKit" */;
			productName = SnapKit;
		};
/* End XCSwiftPackageProductDependency section */
	};
	rootObject = F774B9122891AEDC00438A37 /* Project object */;
}
